
Microsoft Visual Studio Solution File, Format Version 12.00
# Visual Studio Version 17
VisualStudioVersion = 17.14.37328.6 d17.14
MinimumVisualStudioVersion = 10.0.40219.1
Project("{FAE04EC0-301F-11D3-BF4B-00C04F79EFBC}") = "EmployeeTaskManagement.API", "EmployeeTaskManagement.API.csproj", "{0CD55DBA-0154-4D04-A97C-F40BEBB05FEC}"
EndProject
Global
	GlobalSection(SolutionConfigurationPlatforms) = preSolution
		Debug|Any CPU = Debug|Any CPU
		Release|Any CPU = Release|Any CPU
	EndGlobalSection
	GlobalSection(ProjectConfigurationPlatforms) = postSolution
		{0CD55DBA-0154-4D04-A97C-F40BEBB05FEC}.Debug|Any CPU.ActiveCfg = Debug|Any CPU
		{0CD55DBA-0154-4D04-A97C-F40BEBB05FEC}.Debug|Any CPU.Build.0 = Debug|Any CPU
		{0CD55DBA-0154-4D04-A97C-F40BEBB05FEC}.Release|Any CPU.ActiveCfg = Release|Any CPU
		{0CD55DBA-0154-4D04-A97C-F40BEBB05FEC}.Release|Any CPU.Build.0 = Release|Any CPU
	EndGlobalSection
	GlobalSection(SolutionProperties) = preSolution
		HideSolutionNode = FALSE
	EndGlobalSection
	GlobalSection(ExtensibilityGlobals) = postSolution
		SolutionGuid = {58881C32-4D3A-4C55-8E7C-EE33B466C25A}
	EndGlobalSection
EndGlobal
